# This file may be used to create an environment using:
# $ conda create --name <env> --file <this file>
# platform: linux-64
@EXPLICIT
https://conda.anaconda.org/conda-forge/linux-64/libgomp-15.2.0-he0feb66_19.conda#faac990cb7aedc7f3a2224f2c9b0c26c
https://conda.anaconda.org/conda-forge/linux-64/_openmp_mutex-4.5-20_gnu.conda#a9f577daf3de00bca7c3c76c0ecbd1de
https://conda.anaconda.org/conda-forge/noarch/_r-mutex-1.0.1-anacondar_1.tar.bz2#19f9db5f4f1b7f5ef5f6d67207f25f38
https://conda.anaconda.org/conda-forge/linux-64/libgcc-15.2.0-he0feb66_19.conda#57736f29cc2b0ec0b6c2952d3f101b6a
https://conda.anaconda.org/conda-forge/linux-64/bzip2-1.0.8-hda65f42_9.conda#d2ffd7602c02f2b316fd921d39876885
https://conda.anaconda.org/conda-forge/linux-64/libzlib-1.3.2-h25fd6f3_2.conda#d87ff7921124eccd67248aa483c23fec
https://conda.anaconda.org/conda-forge/linux-64/zstd-1.5.7-hb78ec9c_6.conda#4a13eeac0b5c8e5b8ab496e6c4ddd829
https://conda.anaconda.org/conda-forge/linux-64/ld_impl_linux-64-2.46.1-default_hbd61a6d_102.conda#449500f2c089da11c40f5c21312e3e07
https://conda.anaconda.org/conda-forge/linux-64/libexpat-2.8.1-hecca717_1.conda#b24d3c612f71e7aa74158d92106318b2
https://conda.anaconda.org/conda-forge/linux-64/libffi-3.5.2-h3435931_0.conda#a360c33a5abe61c07959e449fa1453eb
https://conda.anaconda.org/conda-forge/linux-64/liblzma-5.8.3-hb03c661_0.conda#b88d90cad08e6bc8ad540cb310a761fb
https://conda.anaconda.org/conda-forge/linux-64/libnsl-2.0.1-hb9d3cd8_1.conda#d864d34357c3b65a4b731f78c0801dc4
https://conda.anaconda.org/conda-forge/linux-64/libsqlite-3.53.3-h0c1763c_0.conda#4aed8e657e9ff156bdbe849b4df44389
https://conda.anaconda.org/conda-forge/linux-64/libuuid-2.42.2-h5347b49_0.conda#01bb81d12c957de066ea7362007df642
https://conda.anaconda.org/conda-forge/linux-64/libgcc-ng-15.2.0-h69a702a_19.conda#331ee9b72b9dff570d56b1302c5ab37d
https://conda.anaconda.org/conda-forge/linux-64/libxcrypt-4.4.36-hd590300_1.conda#5aa797f8787fe7a17d1b0821485b5adc
https://conda.anaconda.org/conda-forge/linux-64/ncurses-6.6-hdb14827_0.conda#fc21868a1a5aacc937e7a18747acb8a5
https://conda.anaconda.org/conda-forge/noarch/ca-certificates-2026.6.17-hbd8a1cb_0.conda#a9965dd99f683c5f444428f896635716
https://conda.anaconda.org/conda-forge/linux-64/openssl-3.6.3-h35e630c_0.conda#79dd2074b5cd5c5c6b2930514a11e22d
https://conda.anaconda.org/conda-forge/linux-64/readline-8.3-h853b02a_0.conda#d7d95fc8287ea7bf33e0e7116d2b95ec
https://conda.anaconda.org/conda-forge/linux-64/tk-8.6.13-noxft_hd70dff1_3.conda#48a1049e710857572fc2a832aa394d9f
https://conda.anaconda.org/conda-forge/noarch/tzdata-2026c-h151e31d_0.conda#fcb489df604d100968b737f2cb6076c6
https://conda.anaconda.org/conda-forge/linux-64/python-3.11.15-h7508c33_1_cpython.conda#fa29f621acaa9c0db5fd2c0ffc65312c
https://conda.anaconda.org/conda-forge/noarch/alabaster-1.0.0-pyhd8ed1ab_1.conda#1fd9696649f65fd6611fcdb4ffec738a
https://conda.anaconda.org/conda-forge/linux-64/alsa-lib-1.2.16.1-hb03c661_0.conda#8904e09bda369377b3dd07e2ac828c5d
https://conda.anaconda.org/conda-forge/noarch/docutils-0.22.4-pyhd8ed1ab_0.conda#d6bd3cd217e62bbd7efe67ff224cd667
https://conda.anaconda.org/conda-forge/noarch/pyparsing-3.3.2-pyhcf101f3_0.conda#3687cc0b82a8b4c17e1f0eb7e47163d5
https://conda.anaconda.org/conda-forge/noarch/amply-0.1.7-pyhd8ed1ab_0.conda#69a01a9927733014f3955861e2969a7b
https://conda.anaconda.org/conda-forge/noarch/appdirs-1.4.4-pyhd8ed1ab_1.conda#f4e90937bbfc3a4a92539545a37bb448
https://conda.anaconda.org/conda-forge/noarch/argparse-dataclass-2.0.0-pyhd8ed1ab_1.conda#3c0e753fd317fa10d34020a2bc8add8e
https://conda.anaconda.org/conda-forge/noarch/attrs-26.1.0-pyhcf101f3_0.conda#c6b0543676ecb1fb2d7643941fe375f2
https://conda.anaconda.org/conda-forge/noarch/babel-2.18.0-pyhcf101f3_1.conda#f1976ce927373500cc19d3c0b2c85177
https://conda.anaconda.org/conda-forge/noarch/python_abi-3.11-8_cp311.conda#8fcb6b0e2161850556231336dae58358
https://conda.anaconda.org/conda-forge/linux-64/backports.zstd-1.6.0-py311h6b1f9c4_0.conda#434f289a3aea1a1f5ace0f2226a53fe6
https://conda.anaconda.org/conda-forge/linux-64/libstdcxx-15.2.0-h934c35e_19.conda#5794b3bdc38177caf969dabd3af08549
https://conda.anaconda.org/bioconda/linux-64/bedtools-2.31.1-h13024bc_3.tar.bz2#99c4e90e82db906439e00beafb343d16
https://conda.anaconda.org/conda-forge/noarch/kernel-headers_linux-64-5.14.0-he073ed8_3.conda#1e453742ed8f6b4250c66be1dd6ba4fe
https://conda.anaconda.org/conda-forge/noarch/sysroot_linux-64-2.34-h087de78_3.conda#b04e3a97151611d6a35c8c068b2a03a2
https://conda.anaconda.org/conda-forge/linux-64/binutils_impl_linux-64-2.46.1-default_hfdba357_102.conda#a0c5e0b7f58c8ceeb08e5bc41251d5a2
https://conda.anaconda.org/conda-forge/linux-64/perl-5.32.1-7_hd590300_perl5.conda#f2cfec9406850991f4e3d960cc9e3321
https://conda.anaconda.org/conda-forge/linux-64/icu-78.3-h33c6efd_1.conda#3c7763347873f07adfd87e8001b5b1d1
https://conda.anaconda.org/conda-forge/linux-64/libiconv-1.18-h3b78370_2.conda#915f5995e94f60e9a4826e0b0920ee88
https://conda.anaconda.org/conda-forge/linux-64/libxml2-16-2.15.3-hca6bf5a_0.conda#e79d2c2f24b027aa8d5ab1b1ba3061e7
https://conda.anaconda.org/conda-forge/linux-64/libxml2-2.15.3-h49c6c72_0.conda#995d8c8bad2a3cc8db14675a153dec2b
https://conda.anaconda.org/conda-forge/linux-64/libhwloc-2.13.0-default_he001693_1000.conda#c197985b58bc813d26b42881f0021c82
https://conda.anaconda.org/conda-forge/linux-64/tbb-2023.0.0-hab88423_2.conda#7073b15f9364ebc118998601ac6ca6a6
https://conda.anaconda.org/conda-forge/linux-64/zlib-1.3.2-h25fd6f3_2.conda#c2a01a08fc991620a74b32420e97868a
https://conda.anaconda.org/bioconda/linux-64/bowtie-1.3.1-hb82490e_11.conda#007449bdcc7c6289936e03d8b8d67650
https://conda.anaconda.org/bioconda/linux-64/bowtie2-2.5.4-he96a11b_7.conda#ef0259b3fef92e1527d75c8813df73b2
https://conda.anaconda.org/conda-forge/linux-64/libbrotlicommon-1.2.0-hb03c661_1.conda#72c8fd1af66bd67bf580645b426513ed
https://conda.anaconda.org/conda-forge/linux-64/libbrotlidec-1.2.0-hb03c661_1.conda#366b40a69f0ad6072561c1d09301c886
https://conda.anaconda.org/conda-forge/linux-64/libbrotlienc-1.2.0-hb03c661_1.conda#4ffbb341c8b616aa2494b6afb26a0c5f
https://conda.anaconda.org/conda-forge/linux-64/brotli-bin-1.2.0-hb03c661_1.conda#af39b9a8711d4a8d437b52c1d78eb6a1
https://conda.anaconda.org/conda-forge/linux-64/brotli-1.2.0-hed03a55_1.conda#8ccf913aaba749a5496c17629d859ed1
https://conda.anaconda.org/conda-forge/linux-64/brotli-python-1.2.0-py311h66f275b_1.conda#86daecb8e4ed1042d5dc6efbe0152590
https://conda.anaconda.org/conda-forge/linux-64/bwidget-1.10.1-ha770c72_1.conda#983b92277d78c0d0ec498e460caa0e6d
https://conda.anaconda.org/conda-forge/linux-64/c-ares-1.34.8-hb03c661_0.conda#6130ad6705adc993b5d8482b7f66e01f
https://conda.anaconda.org/conda-forge/linux-64/libpng-1.6.58-h421ea60_0.conda#eba48a68a1a2b9d3c0d9511548db85db
https://conda.anaconda.org/conda-forge/linux-64/libfreetype6-2.14.3-h73754d4_0.conda#fb16b4b69e3f1dcfe79d80db8fd0c55d
https://conda.anaconda.org/conda-forge/linux-64/libfreetype-2.14.3-ha770c72_0.conda#e289f3d17880e44b633ba911d57a321b
https://conda.anaconda.org/conda-forge/linux-64/fontconfig-2.18.1-h27c8c51_0.conda#e0e050cfa9fa85fe39632ab11cb7f3e0
https://conda.anaconda.org/conda-forge/noarch/font-ttf-dejavu-sans-mono-2.37-hab24e00_0.tar.bz2#0c96522c6bdaed4b1566d11387caaf45
https://conda.anaconda.org/conda-forge/noarch/font-ttf-inconsolata-3.000-h77eed37_0.tar.bz2#34893075a5c9e55cdafac56607368fc6
https://conda.anaconda.org/conda-forge/noarch/font-ttf-source-code-pro-2.038-h77eed37_0.tar.bz2#4d59c254e01d9cde7957100457e2d5fb
https://conda.anaconda.org/conda-forge/noarch/font-ttf-ubuntu-0.83-h77eed37_3.conda#49023d73832ef61042f6a237cb2687e7
https://conda.anaconda.org/conda-forge/noarch/fonts-conda-forge-1-hc364b38_1.conda#a7970cd949a077b7cb9696379d338681
https://conda.anaconda.org/conda-forge/noarch/fonts-conda-ecosystem-1-0.tar.bz2#fee5683a3f04bd15cbd8318b096a27ab
https://conda.anaconda.org/conda-forge/linux-64/pcre2-10.47-haa7fec5_0.conda#7a3bff861a6583f1889021facefc08b1
https://conda.anaconda.org/conda-forge/linux-64/libglib-2.88.2-h0d30a3d_0.conda#889febc66cd9e4190f80ef9718fa239b
https://conda.anaconda.org/conda-forge/linux-64/pthread-stubs-0.4-hb9d3cd8_1002.conda#b3c17d95b5a10c6e64a21fa17573e70e
https://conda.anaconda.org/conda-forge/linux-64/xorg-libxau-1.0.12-hb03c661_1.conda#b2895afaf55bf96a8c8282a2e47a5de0
https://conda.anaconda.org/conda-forge/linux-64/xorg-libxdmcp-1.1.5-hb03c661_1.conda#1dafce8548e38671bea82e3f5c6ce22f
https://conda.anaconda.org/conda-forge/linux-64/libxcb-1.17.0-h8a09558_0.conda#92ed62436b625154323d40d5f2f11dd7
https://conda.anaconda.org/conda-forge/linux-64/pixman-0.46.4-h54a6638_2.conda#7cd77fef4da3e1ca9484394616cb71f1
https://conda.anaconda.org/conda-forge/linux-64/xorg-libice-1.1.2-hb9d3cd8_0.conda#fb901ff28063514abb6046c9ec2c4a45
https://conda.anaconda.org/conda-forge/linux-64/xorg-libsm-1.2.6-he73a12e_0.conda#1c74ff8c35dcadf952a16f752ca5aa49
https://conda.anaconda.org/conda-forge/linux-64/xorg-libx11-1.8.13-he1eb515_0.conda#861fb6ccbc677bb9a9fb2468430b9c6a
https://conda.anaconda.org/conda-forge/linux-64/xorg-libxext-1.3.7-hb03c661_0.conda#34e54f03dfea3e7a2dcf1453a85f1085
https://conda.anaconda.org/conda-forge/linux-64/xorg-libxrender-0.9.12-hb9d3cd8_0.conda#96d57aba173e878a2089d5638016dc5e
https://conda.anaconda.org/conda-forge/linux-64/cairo-1.18.4-he90730b_1.conda#bb6c4808bfa69d6f7f6b07e5846ced37
https://conda.anaconda.org/conda-forge/noarch/certifi-2026.6.17-pyhd8ed1ab_0.conda#c13824fedced67005d3832c152fe9c2f
https://conda.anaconda.org/conda-forge/noarch/charset-normalizer-3.4.9-pyhd8ed1ab_0.conda#d154b40b109e503430979e8a8d099eaf
https://conda.anaconda.org/conda-forge/linux-64/libgfortran5-15.2.0-h68bc16d_19.conda#85072b0ad177c966294f129b7c04a2d5
https://conda.anaconda.org/conda-forge/linux-64/libgfortran-15.2.0-h69a702a_19.conda#42bf7eca1a951735fa06c0e3c0d5c8e6
https://conda.anaconda.org/conda-forge/linux-64/libopenblas-0.3.33-pthreads_h94d23a6_0.conda#2d3278b721e40468295ca755c3b84070
https://conda.anaconda.org/conda-forge/linux-64/libblas-3.11.0-8_h4a7cf45_openblas.conda#00fc660ab1b2f5ca07e92b4900d10c79
https://conda.anaconda.org/conda-forge/linux-64/liblapack-3.11.0-8_h47877c9_openblas.conda#809be8ba8712c77bc7d44c2d99390dc4
https://conda.anaconda.org/conda-forge/linux-64/coin-or-utils-2.11.13-hc93afbd_1.conda#4020946ef1fad683935a408ab7127582
https://conda.anaconda.org/conda-forge/linux-64/libcblas-3.11.0-8_h0358290_openblas.conda#33a413f1095f8325e5c30fde3b0d2445
https://conda.anaconda.org/conda-forge/linux-64/liblapacke-3.11.0-8_h6ae95b6_openblas.conda#da17457f689df5c0f246d2f0b3798fd2
https://conda.anaconda.org/conda-forge/linux-64/coin-or-osi-0.108.12-hf4fecb4_1.conda#02578ed9fe1a1923d66effeb932e71ce
https://conda.anaconda.org/conda-forge/linux-64/coin-or-clp-1.17.11-hc03379b_1.conda#e79a3a170436d665098f0a40f7cd655b
https://conda.anaconda.org/conda-forge/linux-64/coin-or-cgl-0.60.10-hc46dffc_1.conda#0990c6102633709868d18151e850072a
https://conda.anaconda.org/conda-forge/linux-64/coin-or-cbc-2.10.13-h4d16d09_1.conda#5f68e67b2b9463501260e731e2999dec
https://conda.anaconda.org/conda-forge/noarch/colorama-0.4.6-pyhd8ed1ab_1.conda#962b9857ee8e7018c22f2776ffa0b2d7
https://conda.anaconda.org/conda-forge/linux-64/yaml-0.2.5-h280c20c_3.conda#a77f85f77be52ff59391544bfe73390a
https://conda.anaconda.org/conda-forge/linux-64/pyyaml-6.0.3-py311h3778330_1.conda#a24add9a3bababee946f3bc1c829acfe
https://conda.anaconda.org/conda-forge/noarch/conda-inject-1.3.2-pyhd8ed1ab_0.conda#e52c2a160d6bd0649c9fafdf0c813357
https://conda.anaconda.org/conda-forge/noarch/toml-0.10.2-pyhcf101f3_3.conda#d0fc809fa4c4d85e959ce4ab6e1de800
https://conda.anaconda.org/conda-forge/noarch/configargparse-1.7.5-pyhcf101f3_0.conda#12389a21e7f69704b0ae77f44355e30b
https://conda.anaconda.org/conda-forge/noarch/connection_pool-0.0.3-pyhd3deb0d_0.tar.bz2#e270fff08907db8691c02a0eda8d38ae
https://conda.anaconda.org/conda-forge/linux-64/libstdcxx-ng-15.2.0-hdf11a46_19.conda#e5ce228e579726c07255dbf90dc62101
https://conda.anaconda.org/conda-forge/linux-64/numpy-1.26.4-py311h64a7726_0.conda#a502d7aad449a1206efb366d6a12c52d
https://conda.anaconda.org/conda-forge/linux-64/contourpy-1.3.3-py311h724c32c_4.conda#d04e508f5a03162c8bab4586a65d00bf
https://conda.anaconda.org/conda-forge/linux-64/keyutils-1.6.3-hb9d3cd8_0.conda#b38117a3c920364aff79f870c984b4a3
https://conda.anaconda.org/conda-forge/linux-64/libedit-3.1.20250104-pl5321h7949ede_0.conda#c277e0a4d549b03ac1e9d6cbbe3d017b
https://conda.anaconda.org/conda-forge/linux-64/krb5-1.22.2-hbde042b_1.conda#54157a1c8c0bb70f62dd0b17fba7e7f2
https://conda.anaconda.org/conda-forge/linux-64/libev-4.33-hd590300_2.conda#172bf1cd1ff8629f2b1179945ed45055
https://conda.anaconda.org/conda-forge/linux-64/libnghttp2-1.68.1-h877daf1_0.conda#2a45e7f8af083626f009645a6481f12d
https://conda.anaconda.org/conda-forge/linux-64/libpsl-0.22.0-h49b2146_1.conda#af5ddfb52ad25d833c70c7511478d4eb
https://conda.anaconda.org/conda-forge/linux-64/libssh2-1.11.1-hcf80075_0.conda#eecce068c7e4eddeb169591baac20ac4
https://conda.anaconda.org/conda-forge/linux-64/libcurl-8.21.0-hae6b9f4_2.conda#f9c59d277a16ec8f272b2d5dd2ec3335
https://conda.anaconda.org/conda-forge/linux-64/curl-8.21.0-hae6b9f4_2.conda#d09779693563f4a1a0bdb0f715ba2bf0
https://conda.anaconda.org/conda-forge/linux-64/pbzip2-1.1.13-h1fcc475_2.conda#e1bf3c0868789f3ddf5d1aeb47bc60a6
https://conda.anaconda.org/conda-forge/linux-64/pigz-2.8-h421ea60_2.conda#3d71c0550440051500a14e13f691580d
https://conda.anaconda.org/conda-forge/linux-64/isa-l-2.32.1-hb03c661_0.conda#aee2e139304e7b59d3369222bb9eb288
https://conda.anaconda.org/conda-forge/linux-64/python-isal-1.8.0-py311h49ec1c0_2.conda#756f16cab876183e1895c06c554bfbb8
https://conda.anaconda.org/conda-forge/linux-64/zlib-ng-2.3.3-hceb46e0_1.conda#2aadb0d17215603a82a2a6b0afd9a4cb
https://conda.anaconda.org/conda-forge/linux-64/python-zlib-ng-1.0.0-py311h15805fc_2.conda#449cc880438d871627be20bd7027170f
https://conda.anaconda.org/conda-forge/noarch/xopen-2.1.0-pyh707e725_0.conda#8cc47651239ed7c3c9c70781c42da453
https://conda.anaconda.org/bioconda/linux-64/dnaio-1.2.4-py311hc303176_0.conda#a68c463b57a42e4b4396137a387a3818
https://conda.anaconda.org/bioconda/linux-64/cutadapt-5.2-py311hc303176_2.conda#1641e415731f2cbb973db94812ca24e2
https://conda.anaconda.org/conda-forge/noarch/cycler-0.12.1-pyhcf101f3_2.conda#4c2a8fef270f6c69591889b93f9f55c1
https://conda.anaconda.org/conda-forge/linux-64/cykhash-2.0.1-py311h1ddb823_3.conda#3bc3d6272f717d5249451efe15a01572
https://conda.anaconda.org/conda-forge/linux-64/libntlm-1.8-hb9d3cd8_0.conda#7c7927b404672409d9917d49bff5f2d6
https://conda.anaconda.org/conda-forge/linux-64/cyrus-sasl-2.1.28-hac629b4_1.conda#af491aae930edc096b58466c51c4126c
https://conda.anaconda.org/conda-forge/linux-64/datrie-0.8.3-py311h49ec1c0_0.conda#8636645eb9489cece9337c563d0c7281
https://conda.anaconda.org/conda-forge/linux-64/dbus-1.16.2-h24cb091_1.conda#ce96f2f470d39bd96ce03945af92e280
https://conda.anaconda.org/bioconda/linux-64/deeptoolsintervals-0.1.9-py311h13f8228_12.conda#4a366d098873daf48c0d924f2a5d7519
https://conda.anaconda.org/conda-forge/noarch/zipp-4.1.0-pyhcf101f3_0.conda#ba3dcdc8584155c97c648ae9c044b7a3
https://conda.anaconda.org/conda-forge/noarch/importlib-metadata-9.0.0-pyhcf101f3_0.conda#ffc17e785d64e12fc311af9184221839
https://conda.anaconda.org/conda-forge/noarch/munkres-1.1.4-pyhd8ed1ab_1.conda#37293a85a0f4f77bbd9cf7aaefc62609
https://conda.anaconda.org/conda-forge/linux-64/unicodedata2-17.0.1-py311h49ec1c0_0.conda#2889f0c0b6a6d7a37bd64ec60f4cc210
https://conda.anaconda.org/conda-forge/linux-64/fonttools-4.63.0-py311h3778330_0.conda#498ede447c05b203be980ae1dceb06f3
https://conda.anaconda.org/conda-forge/linux-64/freetype-2.14.3-ha770c72_0.conda#8462b5322567212beeb025f3519fb3e2
https://conda.anaconda.org/conda-forge/linux-64/kiwisolver-1.5.0-py311h724c32c_0.conda#3d82751e8d682068b58f049edc924ce4
https://conda.anaconda.org/conda-forge/noarch/packaging-26.2-pyhc364b38_0.conda#4c06a92e74452cfa53623a81592e8934
https://conda.anaconda.org/conda-forge/linux-64/libjpeg-turbo-3.2.0-hb03c661_0.conda#466badda5536d85ddc63ee9404f29735
https://conda.anaconda.org/conda-forge/linux-64/lerc-4.1.0-hdb68285_0.conda#a752488c68f2e7c456bcbd8f16eec275
https://conda.anaconda.org/conda-forge/linux-64/libdeflate-1.25-h17f619e_0.conda#6c77a605a7a689d17d4819c0f8ac9a00
https://conda.anaconda.org/conda-forge/linux-64/libwebp-base-1.6.0-hd42ef1d_0.conda#aea31d2e5b1091feca96fcfe945c3cf9
https://conda.anaconda.org/conda-forge/linux-64/libtiff-4.7.2-h9d88235_0.conda#c1fcb4a88bc15a9f77ad8d27d7af1df9
https://conda.anaconda.org/conda-forge/linux-64/lcms2-2.19.1-h0c24ade_1.conda#8b3ce45e929cd8e8e5f4d18586b56d8b
https://conda.anaconda.org/conda-forge/linux-64/openjpeg-2.5.4-h55fea9a_0.conda#11b3379b191f63139e29c0d19dee24cd
https://conda.anaconda.org/conda-forge/linux-64/pillow-12.3.0-py311hf88fc01_0.conda#9782d37ef50862d2c8a9ba58c1725754
https://conda.anaconda.org/conda-forge/noarch/six-1.17.0-pyhe01879c_1.conda#3339e3b65d58accf4ca4fb8748ab16b3
https://conda.anaconda.org/conda-forge/noarch/python-dateutil-2.9.0.post0-pyhe01879c_2.conda#5b8d21249ff20967101ffa321cab24e8
https://conda.anaconda.org/conda-forge/linux-64/qhull-2020.2-h434a139_5.conda#353823361b1d27eb3960efb076dfcaf6
https://conda.anaconda.org/conda-forge/linux-64/matplotlib-base-3.9.4-py311h2b939e6_0.conda#f84bdd171a75a47bdb991827d2e5fb06
https://conda.anaconda.org/conda-forge/noarch/imagesize-2.0.0-pyhd8ed1ab_0.conda#92617c2ba2847cca7a6ed813b6f4ab79
https://conda.anaconda.org/conda-forge/linux-64/markupsafe-3.0.3-py311h3778330_1.conda#f9efdf9b0f3d0cc309d56af6edf2a6b0
https://conda.anaconda.org/conda-forge/noarch/jinja2-3.1.6-pyhcf101f3_1.conda#04558c96691bed63104678757beb4f8d
https://conda.anaconda.org/conda-forge/noarch/pygments-2.20.0-pyhd8ed1ab_0.conda#16c18772b340887160c79a6acc022db0
https://conda.anaconda.org/conda-forge/noarch/idna-3.18-pyhcf101f3_0.conda#577b04680ae422adb86fc60d7b940659
https://conda.anaconda.org/conda-forge/noarch/hpack-4.2.0-pyhd8ed1ab_0.conda#b395909221b9bd1df066e5930e18855b
https://conda.anaconda.org/conda-forge/noarch/hyperframe-6.1.0-pyhd8ed1ab_0.conda#8e6923fc12f1fe8f8c4e5c9f343256ac
https://conda.anaconda.org/conda-forge/noarch/h2-4.3.0-pyhcf101f3_0.conda#164fc43f0b53b6e3a7bc7dce5e4f1dc9
https://conda.anaconda.org/conda-forge/noarch/pysocks-1.7.1-pyha55dd90_7.conda#461219d1a5bd61342293efa2c0c90eac
https://conda.anaconda.org/conda-forge/noarch/urllib3-2.7.0-pyhd8ed1ab_0.conda#cbb88288f74dbe6ada1c6c7d0a97223e
https://conda.anaconda.org/conda-forge/noarch/requests-2.34.2-pyhcf101f3_0.conda#4a85203c1d80c1059086ae860836ffb9
https://conda.anaconda.org/conda-forge/noarch/roman-numerals-4.1.0-pyhd8ed1ab_0.conda#0dc48b4b570931adc8641e55c6c17fe4
https://conda.anaconda.org/conda-forge/noarch/snowballstemmer-3.1.1-pyhd8ed1ab_0.conda#46b6abe31482f6bca064b965696ae807
https://conda.anaconda.org/conda-forge/noarch/sphinxcontrib-applehelp-2.0.0-pyhd8ed1ab_1.conda#16e3f039c0aa6446513e94ab18a8784b
https://conda.anaconda.org/conda-forge/noarch/sphinxcontrib-devhelp-2.0.0-pyhd8ed1ab_1.conda#910f28a05c178feba832f842155cbfff
https://conda.anaconda.org/conda-forge/noarch/sphinxcontrib-htmlhelp-2.1.0-pyhd8ed1ab_1.conda#e9fb3fe8a5b758b4aff187d434f94f03
https://conda.anaconda.org/conda-forge/noarch/sphinxcontrib-jsmath-1.0.1-pyhd8ed1ab_1.conda#fa839b5ff59e192f411ccc7dae6588bb
https://conda.anaconda.org/conda-forge/noarch/sphinxcontrib-qthelp-2.0.0-pyhd8ed1ab_1.conda#00534ebcc0375929b45c3039b5ba7636
https://conda.anaconda.org/conda-forge/noarch/sphinxcontrib-serializinghtml-2.0.0-pyhd8ed1ab_0.conda#f77df1fcf9af03b7287342638befca77
https://conda.anaconda.org/conda-forge/noarch/sphinx-9.0.4-pyhd8ed1ab_0.conda#950eae33376107d143a529d48c363832
https://conda.anaconda.org/conda-forge/noarch/tomli-2.4.1-pyhcf101f3_0.conda#b5325cf06a000c5b14970462ff5e4d58
https://conda.anaconda.org/conda-forge/noarch/numpydoc-1.10.0-pyhcf101f3_0.conda#3aa4b625f20f55cf68e92df5e5bf3c39
https://conda.anaconda.org/conda-forge/noarch/narwhals-2.24.0-pyhcf101f3_0.conda#42ef6cbb3e1d0e6689b9dd160f560eae
https://conda.anaconda.org/conda-forge/noarch/plotly-6.9.0-pyhd8ed1ab_0.conda#452e17d774bb4d3211ae2cf5bfb2c1c9
https://conda.anaconda.org/bioconda/linux-64/py2bit-1.0.1-py311hc303176_0.conda#995fc3a6df8a01491fcf0d1f929ba347
https://conda.anaconda.org/bioconda/linux-64/pybigwig-0.3.22-py311h1833357_4.tar.bz2#dc9aea74529b0dd7698930a373352951
https://conda.anaconda.org/bioconda/linux-64/pysam-0.24.0-py311h5f69268_1.conda#a199f2a753f3f3a53eb4e1d0712a7307
https://conda.anaconda.org/conda-forge/linux-64/scipy-1.14.1-py311he9a78e4_2.conda#c4aee8cadc4c9fc9a91aca0803473690
https://conda.anaconda.org/bioconda/noarch/deeptools-3.5.5-pyhdfd78af_0.tar.bz2#87a4bd9512e17fb7633a1386dbea5125
https://conda.anaconda.org/conda-forge/linux-64/double-conversion-3.4.0-hecca717_0.conda#dbe3ec0f120af456b3477743ffd99b74
https://conda.anaconda.org/conda-forge/noarch/dpath-2.2.0-pyha770c72_1.conda#7b2af124684a994217e62c641bca2e48
https://conda.anaconda.org/conda-forge/noarch/typing_extensions-4.16.0-pyhcf101f3_0.conda#c70ad746c22219b9700931707482992c
https://conda.anaconda.org/conda-forge/noarch/exceptiongroup-1.3.1-pyhd8ed1ab_0.conda#8e662bd460bda79b1ea39194e3c4c9ab
https://conda.anaconda.org/conda-forge/linux-64/giflib-5.2.2-hd590300_0.conda#3bf7b9fd5a7136126e0234db4b87c8b6
https://conda.anaconda.org/conda-forge/linux-64/graphite2-1.3.15-hecca717_0.conda#cf09e9fc938518e91d0706572cadf17a
https://conda.anaconda.org/conda-forge/linux-64/libharfbuzz-14.2.1-h17a8019_1.conda#fb4669c3990b94ea32fbb81f433e9aa6
https://conda.anaconda.org/conda-forge/linux-64/libharfbuzz-devel-14.2.1-h17a8019_1.conda#99cf21100441e51272f1cd6fe0632a20
https://conda.anaconda.org/conda-forge/linux-64/harfbuzz-14.2.1-ha770c72_1.conda#72e956a71241633d8c80aa198fd08784
https://conda.anaconda.org/conda-forge/linux-64/libcups-2.3.3-h7a8fb5f_6.conda#49c553b47ff679a6a1e9fc80b9c5a2d4
https://conda.anaconda.org/conda-forge/linux-64/xorg-libxfixes-6.0.2-hb03c661_0.conda#ba231da7fccf9ea1e768caf5c7099b84
https://conda.anaconda.org/conda-forge/linux-64/xorg-libxi-1.8.3-hb03c661_0.conda#adba2e334082bb218db806d4c12277c9
https://conda.anaconda.org/conda-forge/linux-64/xorg-libxrandr-1.5.5-hb03c661_0.conda#e192019153591938acf7322b6459d36e
https://conda.anaconda.org/conda-forge/linux-64/xorg-libxt-1.3.1-hb9d3cd8_0.conda#279b0de5f6ba95457190a1c459a64e31
https://conda.anaconda.org/conda-forge/linux-64/xorg-libxtst-1.2.5-hb9d3cd8_3.conda#7bbe9a0cc0df0ac5f5a8ad6d6a11af2f
https://conda.anaconda.org/conda-forge/linux-64/openjdk-25.0.2-ha668962_0.conda#a41092b0177362dbe5eb2a18501e86c0
https://conda.anaconda.org/bioconda/noarch/fastqc-0.12.1-hdfd78af_0.tar.bz2#c9f6a4b12229f7331f79c9a00dd6e240
https://conda.anaconda.org/conda-forge/linux-64/fribidi-1.0.16-hb03c661_0.conda#f9f81ea472684d75b9dd8d0b328cf655
https://conda.anaconda.org/conda-forge/noarch/libgcc-devel_linux-64-15.2.0-hcc6f6b0_119.conda#683fcb168e1df9a21fa80d5aa2d9330b
https://conda.anaconda.org/conda-forge/linux-64/libsanitizer-15.2.0-h90f66d4_19.conda#67eef12ce33f7ff99900c212d7076fc2
https://conda.anaconda.org/conda-forge/noarch/libstdcxx-devel_linux-64-15.2.0-hd446a21_119.conda#bcfe7eae40158c3e355d2f9d3ed41230
https://conda.anaconda.org/conda-forge/linux-64/gcc_impl_linux-64-15.2.0-he0086c7_19.conda#e3be72048d3c4a78b8e27ec48ba06252
https://conda.anaconda.org/bioconda/linux-64/genrich-0.6.1-h577a1d6_5.tar.bz2#0af8f977d708a44f42df020d895daad9
https://conda.anaconda.org/conda-forge/linux-64/gfortran_impl_linux-64-15.2.0-h281d09f_19.conda#5d4fdb7935b8aa1cdb2e22ef8958101e
https://conda.anaconda.org/conda-forge/noarch/smmap-5.0.3-pyhcf101f3_1.conda#b899f1195be56d8215ed1973a8f409c3
https://conda.anaconda.org/conda-forge/noarch/gitdb-4.0.12-pyhd8ed1ab_0.conda#7c14f3706e099f8fcd47af2d494616cc
https://conda.anaconda.org/conda-forge/noarch/gitpython-3.1.53-pyhd8ed1ab_0.conda#795439d20df9a8e8ede6d76922729419
https://conda.anaconda.org/conda-forge/linux-64/gsl-2.7-he838d99_0.tar.bz2#fec079ba39c9cca093bf4c00001825de
https://conda.anaconda.org/conda-forge/linux-64/gxx_impl_linux-64-15.2.0-hda75c37_19.conda#9d41f3899b512199af0a4bb939b83e21
https://conda.anaconda.org/conda-forge/noarch/setuptools-83.0.0-pyh332efcf_0.conda#6bf6acbab2499830180ec88c3aff2fa4
https://conda.anaconda.org/conda-forge/noarch/joblib-1.5.3-pyhd8ed1ab_0.conda#615de2a4d97af50c350e5cf160149e77
https://conda.anaconda.org/conda-forge/noarch/threadpoolctl-3.6.0-pyhecae5ae_0.conda#9d64911b31d57ca443e9f1e36b04385f
https://conda.anaconda.org/conda-forge/linux-64/scikit-learn-1.9.0-np2py311ha15b03d_0.conda#7f2415bac058bf107a28457fcc2989e7
https://conda.anaconda.org/conda-forge/linux-64/hmmlearn-0.3.3-py311h1ddb823_1.conda#25201ec44368d345ae5eb754228f7e17
https://conda.anaconda.org/bioconda/linux-64/htslib-1.23.1-h633afcb_0.conda#209caa9e4ff0b9ed02dd09c3161917e5
https://conda.anaconda.org/conda-forge/noarch/humanfriendly-10.0-pyh707e725_8.conda#7fe569c10905402ed47024fc481bb371
https://conda.anaconda.org/conda-forge/linux-64/immutables-0.21-py311h49ec1c0_2.conda#5bfa3b55b924bedfbb607927f2317e70
https://conda.anaconda.org/conda-forge/noarch/iniconfig-2.3.0-pyhd8ed1ab_0.conda#9614359868482abba1bd15ce465e3c42
https://conda.anaconda.org/conda-forge/linux-64/rpds-py-2026.6.3-py311h1baac5b_0.conda#0311b3d56cad517ab1a80fd4f9332e3f
https://conda.anaconda.org/conda-forge/noarch/referencing-0.37.0-pyhcf101f3_0.conda#870293df500ca7e18bedefa5838a22ab
https://conda.anaconda.org/conda-forge/noarch/jsonschema-specifications-2025.9.1-pyhcf101f3_0.conda#439cd0f567d697b20a8f45cb70a1005a
https://conda.anaconda.org/conda-forge/noarch/jsonschema-4.26.0-pyhcf101f3_0.conda#ada41c863af263cc4c5fcbaff7c3e4dc
https://conda.anaconda.org/conda-forge/noarch/platformdirs-4.11.0-pyhcf101f3_0.conda#1fadaa6dd1d03d062075f84157ac2cc7
https://conda.anaconda.org/conda-forge/noarch/traitlets-5.15.1-pyhcf101f3_0.conda#37e3be7b6e2977d37b8fa5da229f5dc0
https://conda.anaconda.org/conda-forge/noarch/jupyter_core-5.9.1-pyhc90fa1f_0.conda#b38fe4e78ee75def7e599843ef4c1ab0
https://conda.anaconda.org/conda-forge/linux-64/libllvm22-22.1.8-hf7376ad_1.conda#298bb2483fc7d15396147cf1c1465359
https://conda.anaconda.org/conda-forge/linux-64/libclang-cpp22.1-22.1.8-default_h6c227bf_3.conda#864e6d29ec7378b89ff5b5c9c629099e
https://conda.anaconda.org/conda-forge/linux-64/libclang13-22.1.8-default_h9692865_3.conda#2a913525f4201f1adab2711fcf6f89b3
https://conda.anaconda.org/conda-forge/linux-64/libpciaccess-0.19-hb03c661_0.conda#33082e13b4769b48cfeb648e15bfe3fc
https://conda.anaconda.org/conda-forge/linux-64/libdrm-2.4.127-hb03c661_0.conda#d8d16b9b32a3c5df7e5b3350e2cbe058
https://conda.anaconda.org/conda-forge/linux-64/libglvnd-1.7.0-ha4b6fd6_3.conda#eb83f3f8cecc3e9bff9e250817fc69b6
https://conda.anaconda.org/conda-forge/linux-64/libegl-1.7.0-ha4b6fd6_3.conda#75e9f795be506c96dd43cb09c7c8d557
https://conda.anaconda.org/conda-forge/linux-64/libglx-1.7.0-ha4b6fd6_3.conda#ec3c4350aa0261bf7f87b8ca15c8e80e
https://conda.anaconda.org/conda-forge/linux-64/libgl-1.7.0-ha4b6fd6_3.conda#f25206d7322c0e9648e8b83694d143ab
https://conda.anaconda.org/conda-forge/linux-64/xorg-xorgproto-2025.1-hb03c661_0.conda#aa8d21be4b461ce612d8f5fb791decae
https://conda.anaconda.org/conda-forge/linux-64/libglx-devel-1.7.0-ha4b6fd6_3.conda#16b6330783ce0d1ae8d22782173b32c9
https://conda.anaconda.org/conda-forge/linux-64/libgl-devel-1.7.0-ha4b6fd6_3.conda#63e43d278ee5084813fe3c2edf4834ce
https://conda.anaconda.org/conda-forge/linux-64/libegl-devel-1.7.0-ha4b6fd6_3.conda#5bc6d55503483aabe8a90c5e7f49a2a4
https://conda.anaconda.org/conda-forge/linux-64/libopengl-1.7.0-ha4b6fd6_3.conda#c2bd8055a2e2dce7a7f32cfd02101fb6
https://conda.anaconda.org/conda-forge/linux-64/openldap-2.6.13-hbde042b_0.conda#680608784722880fbfe1745067570b00
https://conda.anaconda.org/conda-forge/linux-64/libpq-18.4-hd5a49e9_1.conda#6c9103e7ea739a3bb3505da49a4708c1
https://conda.anaconda.org/conda-forge/linux-64/libvulkan-loader-1.4.341.0-h5279c79_0.conda#31ad065eda3c2d88f8215b1289df9c89
https://conda.anaconda.org/conda-forge/linux-64/xkeyboard-config-2.48-h280c20c_0.conda#b233b41be0bf210989d57160ed39b394
https://conda.anaconda.org/conda-forge/linux-64/libxkbcommon-1.13.2-hca5e8e5_0.conda#dc8b067e22b414172bedd8e3f03f3c95
https://conda.anaconda.org/conda-forge/linux-64/libxslt-1.1.43-h711ed8c_1.conda#87e6096ec6d542d1c1f8b33245fe8300
https://conda.anaconda.org/bioconda/linux-64/macs3-3.0.2-py311h384fd50_2.tar.bz2#f9c7ab007cd06ee8b44da64a456549d2
https://conda.anaconda.org/conda-forge/linux-64/make-4.4.1-hb9d3cd8_2.conda#33405d2a66b1411db9f7242c8b97c9e7
https://conda.anaconda.org/conda-forge/linux-64/wayland-1.26.0-hd6090a7_0.conda#b34c5559f45d8996e3bc0b6250a6cc84
https://conda.anaconda.org/conda-forge/linux-64/xcb-util-0.4.1-h4f16b4b_2.conda#fdc27cb255a7a2cc73b7919a968b48f0
https://conda.anaconda.org/conda-forge/linux-64/xcb-util-image-0.4.0-hb711507_2.conda#a0901183f08b6c7107aab109733a3c91
https://conda.anaconda.org/conda-forge/linux-64/xcb-util-renderutil-0.3.10-hb711507_0.conda#0e0cbe0564d03a99afd5fd7b362feecd
https://conda.anaconda.org/conda-forge/linux-64/xcb-util-cursor-0.1.6-hb03c661_0.conda#4d1fc190b99912ed557a8236e958c559
https://conda.anaconda.org/conda-forge/linux-64/xcb-util-keysyms-0.4.1-hb711507_0.conda#ad748ccca349aec3e91743e08b5e2b50
https://conda.anaconda.org/conda-forge/linux-64/xcb-util-wm-0.4.2-hb711507_0.conda#608e0ef8256b81d04456e8d211eee3e8
https://conda.anaconda.org/conda-forge/linux-64/xorg-libxcomposite-0.4.7-hb03c661_0.conda#f2ba4192d38b6cef2bb2c25029071d90
https://conda.anaconda.org/conda-forge/linux-64/xorg-libxcursor-1.2.3-hb9d3cd8_0.conda#2ccd714aa2242315acaf0a67faea780b
https://conda.anaconda.org/conda-forge/linux-64/xorg-libxdamage-1.1.6-hb9d3cd8_0.conda#b5fcc7172d22516e1f965490e65e33a4
https://conda.anaconda.org/conda-forge/linux-64/xorg-libxxf86vm-1.1.7-hb03c661_0.conda#665d152b9c6e78da404086088077c844
https://conda.anaconda.org/conda-forge/linux-64/qt6-main-6.11.1-pl5321h16c4a6b_1.conda#331d660aef48fec733a878dd1f8f4206
https://conda.anaconda.org/conda-forge/linux-64/pyside6-6.11.1-py311hf27b23e_1.conda#dfd3d0af46ab4c53740abe6d6dbdd403
https://conda.anaconda.org/conda-forge/linux-64/tornado-6.5.7-py311h49ec1c0_0.conda#035d21b7fa6e04c32dc4650da7bea88b
https://conda.anaconda.org/conda-forge/linux-64/matplotlib-3.9.4-py311h38be061_0.conda#a3ec05065e1d66c691e357ab6c88f50d
https://conda.anaconda.org/conda-forge/noarch/python-fastjsonschema-2.21.2-pyhe01879c_0.conda#23029aae904a2ba587daba708208012f
https://conda.anaconda.org/conda-forge/noarch/nbformat-5.10.4-pyhd8ed1ab_1.conda#bbe1963f1e47f594070ffe87cdf612ea
https://conda.anaconda.org/conda-forge/noarch/python-tzdata-2026.3-pyhd8ed1ab_0.conda#eefc8d916bd2e708d76d40398ef9a1ee
https://conda.anaconda.org/conda-forge/noarch/pytz-2026.2-pyhcf101f3_0.conda#03cb60f505ad3ada0a95277af5faeb1a
https://conda.anaconda.org/conda-forge/linux-64/pandas-2.2.3-py311h7db5c69_3.conda#c9f8fe78840d5c04e61666474bd739b2
https://conda.anaconda.org/conda-forge/linux-64/pango-1.56.4-hda50119_1.conda#d53ffc0edc8eabf4253508008493c5bc
https://conda.anaconda.org/conda-forge/noarch/patsy-1.0.2-pyhcf101f3_0.conda#8678577a52161cc4e1c93fcc18e8a646
https://conda.anaconda.org/conda-forge/linux-64/sed-4.10-h19d0853_0.conda#e4a1ff2e59a5d9b38be71d15c93cf1bd
https://conda.anaconda.org/conda-forge/linux-64/tktable-2.10-h5a7a40f_8.conda#72628f56d7a99b86efa435a0b97a4b47
https://conda.anaconda.org/conda-forge/linux-64/r-base-4.6.1-h502d0c9_1.conda#c0255d8a26429d6cf7d564db0afbdf1a
https://conda.anaconda.org/bioconda/noarch/picard-3.3.0-hdfd78af_0.tar.bz2#1634dce6e0935ec1f3247f4b06f22b4e
https://conda.anaconda.org/conda-forge/noarch/wheel-0.47.0-pyhd8ed1ab_0.conda#d0e3b2f0030cf4fca58bde71d246e94c
https://conda.anaconda.org/conda-forge/noarch/pip-26.1.2-pyh8b19718_0.conda#511fbc2c63d2c73650ad1755e4d357ba
https://conda.anaconda.org/conda-forge/noarch/pluggy-1.6.0-pyhf9edf01_1.conda#d7585b6550ad04c8c5e21097ada2888e
https://conda.anaconda.org/conda-forge/linux-64/psutil-7.2.2-py311haee01d2_0.conda#2ed8f6fe8b51d8e19f7621941f7bb95f
https://conda.anaconda.org/conda-forge/linux-64/pulp-2.8.0-py311h77a8cca_3.conda#b9847fd8acdd5fb6607d2086d576800d
https://conda.anaconda.org/conda-forge/noarch/pytest-8.3.5-pyhd8ed1ab_0.conda#c3c9316209dec74a705a36797970c6be
https://conda.anaconda.org/conda-forge/noarch/reretry-0.11.8-pyhd8ed1ab_1.conda#b965b0dfdb3c89966a6a25060f73aa67
https://conda.anaconda.org/bioconda/linux-64/samtools-1.21-h96c455f_1.tar.bz2#0ff9d5d48561198378ad3cb34ce830bf
https://conda.anaconda.org/conda-forge/noarch/seaborn-base-0.13.2-pyhd8ed1ab_3.conda#fd96da444e81f9e6fcaac38590f3dd42
https://conda.anaconda.org/conda-forge/linux-64/statsmodels-0.14.6-py311h0372a8f_0.conda#dd92402db25b74b98489a4c144f14b62
https://conda.anaconda.org/conda-forge/noarch/seaborn-0.13.2-hd8ed1ab_3.conda#62afb877ca2c2b4b6f9ecb37320085b6
https://conda.anaconda.org/conda-forge/linux-64/wrapt-1.17.3-py311h49ec1c0_1.conda#47c1c27dee6c31bf8eefbdbdde817d83
https://conda.anaconda.org/conda-forge/noarch/smart_open-7.7.1-pyhcf101f3_0.conda#fd2e276dbbd1a2ae15ffdbdbabd908f1
https://conda.anaconda.org/bioconda/noarch/snakemake-interface-common-1.23.0-pyhdfd78af_1.conda#a5ec344abd4b0cdda5a52e870e4d25a3
https://conda.anaconda.org/conda-forge/noarch/throttler-1.2.2-pyhd8ed1ab_0.conda#6fc48bef3b400c82abaee323a9d4e290
https://conda.anaconda.org/bioconda/noarch/snakemake-interface-executor-plugins-9.4.0-pyh84498cf_0.conda#0d8bbf1699b16ac225031ae0c73729f8
https://conda.anaconda.org/bioconda/noarch/snakemake-interface-report-plugins-1.3.0-pyhd4c3c12_0.conda#e6fd8cfb23b294da699e395dbc968d11
https://conda.anaconda.org/bioconda/noarch/snakemake-interface-storage-plugins-3.5.0-pyhdfd78af_0.tar.bz2#36cf36560726841f9341cd8a71248750
https://conda.anaconda.org/conda-forge/noarch/tabulate-0.10.0-pyhcf101f3_0.conda#3b887b7b3468b0f494b4fad40178b043
https://conda.anaconda.org/conda-forge/noarch/yte-1.9.4-pyhd8ed1ab_0.conda#89d5edf5d52d3bc1ed4d7d3feef508ba
https://conda.anaconda.org/bioconda/noarch/snakemake-minimal-8.25.5-pyhdfd78af_0.tar.bz2#627e3868f02d805757bfcbe345c01275
https://conda.anaconda.org/bioconda/linux-64/subread-2.0.6-h577a1d6_3.tar.bz2#794326f1c82ef41d31645731d727bdeb
https://conda.anaconda.org/bioconda/noarch/trim-galore-0.6.10-hdfd78af_2.conda#33b16ac50e1283d431282bd203be83d3
